// !$*UTF8*$!
{
	archiveVersion = 1;
	classes = {
	};
	objectVersion = 50;
	objects = {

/* Begin PBXBuildFile section */
		F71B8671256658EB003563F5 /* BatrazEmptyView.swift in Sources */ = {isa = PBXBuildFile; fileRef = F71B8670256658EB003563F5 /* BatrazEmptyView.swift */; };
		F7326A2725592DF90047E30E /* BatrazLabel.swift in Sources */ = {isa = PBXBuildFile; fileRef = F7326A2625592DF90047E30E /* BatrazLabel.swift */; };
		F7326A2C2559300B0047E30E /* AlertVC.swift in Sources */ = {isa = PBXBuildFile; fileRef = F7326A2B2559300B0047E30E /* AlertVC.swift */; };
		F7326A3125593AF30047E30E /* UIVIewController+Ext.swift in Sources */ = {isa = PBXBuildFile; fileRef = F7326A3025593AF30047E30E /* UIVIewController+Ext.swift */; };
		F7982E1B255ACB8900B132A4 /* Follower.swift in Sources */ = {isa = PBXBuildFile; fileRef = F7982E1A255ACB8900B132A4 /* Follower.swift */; };
		F7982E23255ACBEC00B132A4 /* User.swift in Sources */ = {isa = PBXBuildFile; fileRef = F7982E22255ACBEC00B132A4 /* User.swift */; };
		F7982E2C255ACFBB00B132A4 /* NetworkManager.swift in Sources */ = {isa = PBXBuildFile; fileRef = F7982E2B255ACFBB00B132A4 /* NetworkManager.swift */; };
		F7982E35255AD9AC00B132A4 /* ErrorMessage.swift in Sources */ = {isa = PBXBuildFile; fileRef = F7982E34255AD9AC00B132A4 /* ErrorMessage.swift */; };
		F7A837472557F6F100F6A2DA /* FollowersViewController.swift in Sources */ = {isa = PBXBuildFile; fileRef = F7A837462557F6F100F6A2DA /* FollowersViewController.swift */; };
		F7ADDCCF255D7AF10012DAB9 /* UIHelper.swift in Sources */ = {isa = PBXBuildFile; fileRef = F7ADDCCE255D7AF10012DAB9 /* UIHelper.swift */; };
		F7E8C094255C1248003DD2AE /* FollowerCell.swift in Sources */ = {isa = PBXBuildFile; fileRef = F7E8C093255C1248003DD2AE /* FollowerCell.swift */; };
		F7E8C099255C1571003DD2AE /* AvatarImageView.swift in Sources */ = {isa = PBXBuildFile; fileRef = F7E8C098255C1571003DD2AE /* AvatarImageView.swift */; };
		F7EC45222556895100F4C14E /* AppDelegate.swift in Sources */ = {isa = PBXBuildFile; fileRef = F7EC45212556895100F4C14E /* AppDelegate.swift */; };
		F7EC45242556895100F4C14E /* SceneDelegate.swift in Sources */ = {isa = PBXBuildFile; fileRef = F7EC45232556895100F4C14E /* SceneDelegate.swift */; };
		F7EC452B2556895200F4C14E /* Assets.xcassets in Resources */ = {isa = PBXBuildFile; fileRef = F7EC452A2556895200F4C14E /* Assets.xcassets */; };
		F7EC452E2556895200F4C14E /* LaunchScreen.storyboard in Resources */ = {isa = PBXBuildFile; fileRef = F7EC452C2556895200F4C14E /* LaunchScreen.storyboard */; };
		F7EC45392556895200F4C14E /* GitHubUsersTests.swift in Sources */ = {isa = PBXBuildFile; fileRef = F7EC45382556895200F4C14E /* GitHubUsersTests.swift */; };
		F7EC45442556895300F4C14E /* GitHubUsersUITests.swift in Sources */ = {isa = PBXBuildFile; fileRef = F7EC45432556895300F4C14E /* GitHubUsersUITests.swift */; };
		F7EC45522556A6F700F4C14E /* SearchViewController.swift in Sources */ = {isa = PBXBuildFile; fileRef = F7EC45512556A6F700F4C14E /* SearchViewController.swift */; };
		F7EC45542556A74D00F4C14E /* FavoriteListViewController.swift in Sources */ = {isa = PBXBuildFile; fileRef = F7EC45532556A74D00F4C14E /* FavoriteListViewController.swift */; };
		F7EC45562556AE5C00F4C14E /* BatrazButton.swift in Sources */ = {isa = PBXBuildFile; fileRef = F7EC45552556AE5C00F4C14E /* BatrazButton.swift */; };
		F7EC45582556B1D100F4C14E /* BatrazTextField.swift in Sources */ = {isa = PBXBuildFile; fileRef = F7EC45572556B1D100F4C14E /* BatrazTextField.swift */; };
/* End PBXBuildFile section */

/* Begin PBXContainerItemProxy section */
		F7EC45352556895200F4C14E /* PBXContainerItemProxy */ = {
			isa = PBXContainerItemProxy;
			containerPortal = F7EC45162556895100F4C14E /* Project object */;
			proxyType = 1;
			remoteGlobalIDString = F7EC451D2556895100F4C14E;
			remoteInfo = GitHubUsers;
		};
		F7EC45402556895300F4C14E /* PBXContainerItemProxy */ = {
			isa = PBXContainerItemProxy;
			containerPortal = F7EC45162556895100F4C14E /* Project object */;
			proxyType = 1;
			remoteGlobalIDString = F7EC451D2556895100F4C14E;
			remoteInfo = GitHubUsers;
		};
/* End PBXContainerItemProxy section */

/* Begin PBXFileReference section */
		F71B8670256658EB003563F5 /* BatrazEmptyView.swift */ = {isa = PBXFileReference; lastKnownFileType = sourcecode.swift; path = BatrazEmptyView.swift; sourceTree = "<group>"; };
		F7326A2625592DF90047E30E /* BatrazLabel.swift */ = {isa = PBXFileReference; lastKnownFileType = sourcecode.swift; path = BatrazLabel.swift; sourceTree = "<group>"; };
		F7326A2B2559300B0047E30E /* AlertVC.swift */ = {isa = PBXFileReference; lastKnownFileType = sourcecode.swift; path = AlertVC.swift; sourceTree = "<group>"; };
		F7326A3025593AF30047E30E /* UIVIewController+Ext.swift */ = {isa = PBXFileReference; lastKnownFileType = sourcecode.swift; path = "UIVIewController+Ext.swift"; sourceTree = "<group>"; };
		F7982E1A255ACB8900B132A4 /* Follower.swift */ = {isa = PBXFileReference; lastKnownFileType = sourcecode.swift; path = Follower.swift; sourceTree = "<group>"; };
		F7982E22255ACBEC00B132A4 /* User.swift */ = {isa = PBXFileReference; lastKnownFileType = sourcecode.swift; path = User.swift; sourceTree = "<group>"; };
		F7982E2B255ACFBB00B132A4 /* NetworkManager.swift */ = {isa = PBXFileReference; lastKnownFileType = sourcecode.swift; path = NetworkManager.swift; sourceTree = "<group>"; };
		F7982E34255AD9AC00B132A4 /* ErrorMessage.swift */ = {isa = PBXFileReference; lastKnownFileType = sourcecode.swift; path = ErrorMessage.swift; sourceTree = "<group>"; };
		F7A837462557F6F100F6A2DA /* FollowersViewController.swift */ = {isa = PBXFileReference; lastKnownFileType = sourcecode.swift; path = FollowersViewController.swift; sourceTree = "<group>"; };
		F7ADDCCE255D7AF10012DAB9 /* UIHelper.swift */ = {isa = PBXFileReference; lastKnownFileType = sourcecode.swift; path = UIHelper.swift; sourceTree = "<group>"; };
		F7E8C093255C1248003DD2AE /* FollowerCell.swift */ = {isa = PBXFileReference; lastKnownFileType = sourcecode.swift; path = FollowerCell.swift; sourceTree = "<group>"; };
		F7E8C098255C1571003DD2AE /* AvatarImageView.swift */ = {isa = PBXFileReference; lastKnownFileType = sourcecode.swift; path = AvatarImageView.swift; sourceTree = "<group>"; };
		F7EC451E2556895100F4C14E /* GitHubUsers.app */ = {isa = PBXFileReference; explicitFileType = wrapper.application; includeInIndex = 0; path = GitHubUsers.app; sourceTree = BUILT_PRODUCTS_DIR; };
		F7EC45212556895100F4C14E /* AppDelegate.swift */ = {isa = PBXFileReference; lastKnownFileType = sourcecode.swift; path = AppDelegate.swift; sourceTree = "<group>"; };
		F7EC45232556895100F4C14E /* SceneDelegate.swift */ = {isa = PBXFileReference; lastKnownFileType = sourcecode.swift; path = SceneDelegate.swift; sourceTree = "<group>"; };
		F7EC452A2556895200F4C14E /* Assets.xcassets */ = {isa = PBXFileReference; lastKnownFileType = folder.assetcatalog; path = Assets.xcassets; sourceTree = "<group>"; };
		F7EC452D2556895200F4C14E /* Base */ = {isa = PBXFileReference; lastKnownFileType = file.storyboard; name = Base; path = Base.lproj/LaunchScreen.storyboard; sourceTree = "<group>"; };
		F7EC452F2556895200F4C14E /* Info.plist */ = {isa = PBXFileReference; lastKnownFileType = text.plist.xml; path = Info.plist; sourceTree = "<group>"; };
		F7EC45342556895200F4C14E /* GitHubUsersTests.xctest */ = {isa = PBXFileReference; explicitFileType = wrapper.cfbundle; includeInIndex = 0; path = GitHubUsersTests.xctest; sourceTree = BUILT_PRODUCTS_DIR; };
		F7EC45382556895200F4C14E /* GitHubUsersTests.swift */ = {isa = PBXFileReference; lastKnownFileType = sourcecode.swift; path = GitHubUsersTests.swift; sourceTree = "<group>"; };
		F7EC453A2556895200F4C14E /* Info.plist */ = {isa = PBXFileReference; lastKnownFileType = text.plist.xml; path = Info.plist; sourceTree = "<group>"; };
		F7EC453F2556895300F4C14E /* GitHubUsersUITests.xctest */ = {isa = PBXFileReference; explicitFileType = wrapper.cfbundle; includeInIndex = 0; path = GitHubUsersUITests.xctest; sourceTree = BUILT_PRODUCTS_DIR; };
		F7EC45432556895300F4C14E /* GitHubUsersUITests.swift */ = {isa = PBXFileReference; lastKnownFileType = sourcecode.swift; path = GitHubUsersUITests.swift; sourceTree = "<group>"; };
		F7EC45452556895300F4C14E /* Info.plist */ = {isa = PBXFileReference; lastKnownFileType = text.plist.xml; path = Info.plist; sourceTree = "<group>"; };
		F7EC45512556A6F700F4C14E /* SearchViewController.swift */ = {isa = PBXFileReference; lastKnownFileType = sourcecode.swift; path = SearchViewController.swift; sourceTree = "<group>"; };
		F7EC45532556A74D00F4C14E /* FavoriteListViewController.swift */ = {isa = PBXFileReference; lastKnownFileType = sourcecode.swift; path = FavoriteListViewController.swift; sourceTree = "<group>"; };
		F7EC45552556AE5C00F4C14E /* BatrazButton.swift */ = {isa = PBXFileReference; lastKnownFileType = sourcecode.swift; path = BatrazButton.swift; sourceTree = "<group>"; };
		F7EC45572556B1D100F4C14E /* BatrazTextField.swift */ = {isa = PBXFileReference; lastKnownFileType = sourcecode.swift; path = BatrazTextField.swift; sourceTree = "<group>"; };
/* End PBXFileReference section */

/* Begin PBXFrameworksBuildPhase section */
		F7EC451B2556895100F4C14E /* Frameworks */ = {
			isa = PBXFrameworksBuildPhase;
			buildActionMask = 2147483647;
			files = (
			);
			runOnlyForDeploymentPostprocessing = 0;
		};
		F7EC45312556895200F4C14E /* Frameworks */ = {
			isa = PBXFrameworksBuildPhase;
			buildActionMask = 2147483647;
			files = (
			);
			runOnlyForDeploymentPostprocessing = 0;
		};
		F7EC453C2556895300F4C14E /* Frameworks */ = {
			isa = PBXFrameworksBuildPhase;
			buildActionMask = 2147483647;
			files = (
			);
			runOnlyForDeploymentPostprocessing = 0;
		};
/* End PBXFrameworksBuildPhase section */

/* Begin PBXGroup section */
		F7326A3525593F140047E30E /* Screens */ = {
			isa = PBXGroup;
			children = (
				F7EC45512556A6F700F4C14E /* SearchViewController.swift */,
				F7EC45532556A74D00F4C14E /* FavoriteListViewController.swift */,
				F7A837462557F6F100F6A2DA /* FollowersViewController.swift */,
			);
			path = Screens;
			sourceTree = "<group>";
		};
		F7326A3625593F2B0047E30E /* Extensions */ = {
			isa = PBXGroup;
			children = (
				F7326A3025593AF30047E30E /* UIVIewController+Ext.swift */,
			);
			path = Extensions;
			sourceTree = "<group>";
		};
		F7326A3725593F390047E30E /* Custom views */ = {
			isa = PBXGroup;
			children = (
				F7E8C092255C120F003DD2AE /* Cells */,
				F7326A2B2559300B0047E30E /* AlertVC.swift */,
				F7EC45552556AE5C00F4C14E /* BatrazButton.swift */,
				F7EC45572556B1D100F4C14E /* BatrazTextField.swift */,
				F7326A2625592DF90047E30E /* BatrazLabel.swift */,
				F7E8C098255C1571003DD2AE /* AvatarImageView.swift */,
				F71B8670256658EB003563F5 /* BatrazEmptyView.swift */,
			);
			path = "Custom views";
			sourceTree = "<group>";
		};
		F7326A3825593F7D0047E30E /* Support */ = {
			isa = PBXGroup;
			children = (
				F7EC45212556895100F4C14E /* AppDelegate.swift */,
				F7EC45232556895100F4C14E /* SceneDelegate.swift */,
				F7EC452A2556895200F4C14E /* Assets.xcassets */,
				F7EC452C2556895200F4C14E /* LaunchScreen.storyboard */,
			);
			path = Support;
			sourceTree = "<group>";
		};
		F7982E19255ACB4E00B132A4 /* Model */ = {
			isa = PBXGroup;
			children = (
				F7982E1A255ACB8900B132A4 /* Follower.swift */,
				F7982E22255ACBEC00B132A4 /* User.swift */,
			);
			path = Model;
			sourceTree = "<group>";
		};
		F7982E2A255ACFA000B132A4 /* Managers */ = {
			isa = PBXGroup;
			children = (
				F7982E2B255ACFBB00B132A4 /* NetworkManager.swift */,
			);
			path = Managers;
			sourceTree = "<group>";
		};
		F7982E33255AD96C00B132A4 /* Utilities */ = {
			isa = PBXGroup;
			children = (
				F7982E34255AD9AC00B132A4 /* ErrorMessage.swift */,
				F7ADDCCE255D7AF10012DAB9 /* UIHelper.swift */,
			);
			path = Utilities;
			sourceTree = "<group>";
		};
		F7E8C092255C120F003DD2AE /* Cells */ = {
			isa = PBXGroup;
			children = (
				F7E8C093255C1248003DD2AE /* FollowerCell.swift */,
			);
			path = Cells;
			sourceTree = "<group>";
		};
		F7EC45152556895100F4C14E = {
			isa = PBXGroup;
			children = (
				F7EC45202556895100F4C14E /* GitHubUsers */,
				F7EC45372556895200F4C14E /* GitHubUsersTests */,
				F7EC45422556895300F4C14E /* GitHubUsersUITests */,
				F7EC451F2556895100F4C14E /* Products */,
			);
			sourceTree = "<group>";
		};
		F7EC451F2556895100F4C14E /* Products */ = {
			isa = PBXGroup;
			children = (
				F7EC451E2556895100F4C14E /* GitHubUsers.app */,
				F7EC45342556895200F4C14E /* GitHubUsersTests.xctest */,
				F7EC453F2556895300F4C14E /* GitHubUsersUITests.xctest */,
			);
			name = Products;
			sourceTree = "<group>";
		};
		F7EC45202556895100F4C14E /* GitHubUsers */ = {
			isa = PBXGroup;
			children = (
				F7982E33255AD96C00B132A4 /* Utilities */,
				F7982E2A255ACFA000B132A4 /* Managers */,
				F7EC452F2556895200F4C14E /* Info.plist */,
				F7982E19255ACB4E00B132A4 /* Model */,
				F7326A3825593F7D0047E30E /* Support */,
				F7326A3725593F390047E30E /* Custom views */,
				F7326A3625593F2B0047E30E /* Extensions */,
				F7326A3525593F140047E30E /* Screens */,
			);
			path = GitHubUsers;
			sourceTree = "<group>";
		};
		F7EC45372556895200F4C14E /* GitHubUsersTests */ = {
			isa = PBXGroup;
			children = (
				F7EC45382556895200F4C14E /* GitHubUsersTests.swift */,
				F7EC453A2556895200F4C14E /* Info.plist */,
			);
			path = GitHubUsersTests;
			sourceTree = "<group>";
		};
		F7EC45422556895300F4C14E /* GitHubUsersUITests */ = {
			isa = PBXGroup;
			children = (
				F7EC45432556895300F4C14E /* GitHubUsersUITests.swift */,
				F7EC45452556895300F4C14E /* Info.plist */,
			);
			path = GitHubUsersUITests;
			sourceTree = "<group>";
		};
/* End PBXGroup section */

/* Begin PBXNativeTarget section */
		F7EC451D2556895100F4C14E /* GitHubUsers */ = {
			isa = PBXNativeTarget;
			buildConfigurationList = F7EC45482556895300F4C14E /* Build configuration list for PBXNativeTarget "GitHubUsers" */;
			buildPhases = (
				F7EC451A2556895100F4C14E /* Sources */,
				F7EC451B2556895100F4C14E /* Frameworks */,
				F7EC451C2556895100F4C14E /* Resources */,
			);
			buildRules = (
			);
			dependencies = (
			);
			name = GitHubUsers;
			productName = GitHubUsers;
			productReference = F7EC451E2556895100F4C14E /* GitHubUsers.app */;
			productType = "com.apple.product-type.application";
		};
		F7EC45332556895200F4C14E /* GitHubUsersTests */ = {
			isa = PBXNativeTarget;
			buildConfigurationList = F7EC454B2556895300F4C14E /* Build configuration list for PBXNativeTarget "GitHubUsersTests" */;
			buildPhases = (
				F7EC45302556895200F4C14E /* Sources */,
				F7EC45312556895200F4C14E /* Frameworks */,
				F7EC45322556895200F4C14E /* Resources */,
			);
			buildRules = (
			);
			dependencies = (
				F7EC45362556895200F4C14E /* PBXTargetDependency */,
			);
			name = GitHubUsersTests;
			productName = GitHubUsersTests;
			productReference = F7EC45342556895200F4C14E /* GitHubUsersTests.xctest */;
			productType = "com.apple.product-type.bundle.unit-test";
		};
		F7EC453E2556895300F4C14E /* GitHubUsersUITests */ = {
			isa = PBXNativeTarget;
			buildConfigurationList = F7EC454E2556895300F4C14E /* Build configuration list for PBXNativeTarget "GitHubUsersUITests" */;
			buildPhases = (
				F7EC453B2556895300F4C14E /* Sources */,
				F7EC453C2556895300F4C14E /* Frameworks */,
				F7EC453D2556895300F4C14E /* Resources */,
			);
			buildRules = (
			);
			dependencies = (
				F7EC45412556895300F4C14E /* PBXTargetDependency */,
			);
			name = GitHubUsersUITests;
			productName = GitHubUsersUITests;
			productReference = F7EC453F2556895300F4C14E /* GitHubUsersUITests.xctest */;
			productType = "com.apple.product-type.bundle.ui-testing";
		};
/* End PBXNativeTarget section */

/* Begin PBXProject section */
		F7EC45162556895100F4C14E /* Project object */ = {
			isa = PBXProject;
			attributes = {
				LastSwiftUpdateCheck = 1170;
				LastUpgradeCheck = 1170;
				ORGANIZATIONNAME = "batraz jioty";
				TargetAttributes = {
					F7EC451D2556895100F4C14E = {
						CreatedOnToolsVersion = 11.7;
					};
					F7EC45332556895200F4C14E = {
						CreatedOnToolsVersion = 11.7;
						TestTargetID = F7EC451D2556895100F4C14E;
					};
					F7EC453E2556895300F4C14E = {
						CreatedOnToolsVersion = 11.7;
						TestTargetID = F7EC451D2556895100F4C14E;
					};
				};
			};
			buildConfigurationList = F7EC45192556895100F4C14E /* Build configuration list for PBXProject "GitHubUsers" */;
			compatibilityVersion = "Xcode 9.3";
			developmentRegion = en;
			hasScannedForEncodings = 0;
			knownRegions = (
				en,
				Base,
			);
			mainGroup = F7EC45152556895100F4C14E;
			productRefGroup = F7EC451F2556895100F4C14E /* Products */;
			projectDirPath = "";
			projectRoot = "";
			targets = (
				F7EC451D2556895100F4C14E /* GitHubUsers */,
				F7EC45332556895200F4C14E /* GitHubUsersTests */,
				F7EC453E2556895300F4C14E /* GitHubUsersUITests */,
			);
		};
/* End PBXProject section */

/* Begin PBXResourcesBuildPhase section */
		F7EC451C2556895100F4C14E /* Resources */ = {
			isa = PBXResourcesBuildPhase;
			buildActionMask = 2147483647;
			files = (
				F7EC452E2556895200F4C14E /* LaunchScreen.storyboard in Resources */,
				F7EC452B2556895200F4C14E /* Assets.xcassets in Resources */,
			);
			runOnlyForDeploymentPostprocessing = 0;
		};
		F7EC45322556895200F4C14E /* Resources */ = {
			isa = PBXResourcesBuildPhase;
			buildActionMask = 2147483647;
			files = (
			);
			runOnlyForDeploymentPostprocessing = 0;
		};
		F7EC453D2556895300F4C14E /* Resources */ = {
			isa = PBXResourcesBuildPhase;
			buildActionMask = 2147483647;
			files = (
			);
			runOnlyForDeploymentPostprocessing = 0;
		};
/* End PBXResourcesBuildPhase section */

/* Begin PBXSourcesBuildPhase section */
		F7EC451A2556895100F4C14E /* Sources */ = {
			isa = PBXSourcesBuildPhase;
			buildActionMask = 2147483647;
			files = (
				F7326A2725592DF90047E30E /* BatrazLabel.swift in Sources */,
				F7EC45222556895100F4C14E /* AppDelegate.swift in Sources */,
				F71B8671256658EB003563F5 /* BatrazEmptyView.swift in Sources */,
				F7E8C094255C1248003DD2AE /* FollowerCell.swift in Sources */,
				F7326A3125593AF30047E30E /* UIVIewController+Ext.swift in Sources */,
				F7982E2C255ACFBB00B132A4 /* NetworkManager.swift in Sources */,
				F7EC45522556A6F700F4C14E /* SearchViewController.swift in Sources */,
				F7326A2C2559300B0047E30E /* AlertVC.swift in Sources */,
				F7A837472557F6F100F6A2DA /* FollowersViewController.swift in Sources */,
				F7EC45542556A74D00F4C14E /* FavoriteListViewController.swift in Sources */,
				F7982E35255AD9AC00B132A4 /* ErrorMessage.swift in Sources */,
				F7EC45582556B1D100F4C14E /* BatrazTextField.swift in Sources */,
				F7982E23255ACBEC00B132A4 /* User.swift in Sources */,
				F7ADDCCF255D7AF10012DAB9 /* UIHelper.swift in Sources */,
				F7982E1B255ACB8900B132A4 /* Follower.swift in Sources */,
				F7E8C099255C1571003DD2AE /* AvatarImageView.swift in Sources */,
				F7EC45242556895100F4C14E /* SceneDelegate.swift in Sources */,
				F7EC45562556AE5C00F4C14E /* BatrazButton.swift in Sources */,
			);
			runOnlyForDeploymentPostprocessing = 0;
		};
		F7EC45302556895200F4C14E /* Sources */ = {
			isa = PBXSourcesBuildPhase;
			buildActionMask = 2147483647;
			files = (
				F7EC45392556895200F4C14E /* GitHubUsersTests.swift in Sources */,
			);
			runOnlyForDeploymentPostprocessing = 0;
		};
		F7EC453B2556895300F4C14E /* Sources */ = {
			isa = PBXSourcesBuildPhase;
			buildActionMask = 2147483647;
			files = (
				F7EC45442556895300F4C14E /* GitHubUsersUITests.swift in Sources */,
			);
			runOnlyForDeploymentPostprocessing = 0;
		};
/* End PBXSourcesBuildPhase section */

/* Begin PBXTargetDependency section */
		F7EC45362556895200F4C14E /* PBXTargetDependency */ = {
			isa = PBXTargetDependency;
			target = F7EC451D2556895100F4C14E /* GitHubUsers */;
			targetProxy = F7EC45352556895200F4C14E /* PBXContainerItemProxy */;
		};
		F7EC45412556895300F4C14E /* PBXTargetDependency */ = {
			isa = PBXTargetDependency;
			target = F7EC451D2556895100F4C14E /* GitHubUsers */;
			targetProxy = F7EC45402556895300F4C14E /* PBXContainerItemProxy */;
		};
/* End PBXTargetDependency section */

/* Begin PBXVariantGroup section */
		F7EC452C2556895200F4C14E /* LaunchScreen.storyboard */ = {
			isa = PBXVariantGroup;
			children = (
				F7EC452D2556895200F4C14E /* Base */,
			);
			name = LaunchScreen.storyboard;
			sourceTree = "<group>";
		};
/* End PBXVariantGroup section */

/* Begin XCBuildConfiguration section */
		F7EC45462556895300F4C14E /* Debug */ = {
			isa = XCBuildConfiguration;
			buildSettings = {
				ALWAYS_SEARCH_USER_PATHS = NO;
				CLANG_ANALYZER_NONNULL = YES;
				CLANG_ANALYZER_NUMBER_OBJECT_CONVERSION = YES_AGGRESSIVE;
				CLANG_CXX_LANGUAGE_STANDARD = "gnu++14";
				CLANG_CXX_LIBRARY = "libc++";
				CLANG_ENABLE_MODULES = YES;
				CLANG_ENABLE_OBJC_ARC = YES;
				CLANG_ENABLE_OBJC_WEAK = YES;
				CLANG_WARN_BLOCK_CAPTURE_AUTORELEASING = YES;
				CLANG_WARN_BOOL_CONVERSION = YES;
				CLANG_WARN_COMMA = YES;
				CLANG_WARN_CONSTANT_CONVERSION = YES;
				CLANG_WARN_DEPRECATED_OBJC_IMPLEMENTATIONS = YES;
				CLANG_WARN_DIRECT_OBJC_ISA_USAGE = YES_ERROR;
				CLANG_WARN_DOCUMENTATION_COMMENTS = YES;
				CLANG_WARN_EMPTY_BODY = YES;
				CLANG_WARN_ENUM_CONVERSION = YES;
				CLANG_WARN_INFINITE_RECURSION = YES;
				CLANG_WARN_INT_CONVERSION = YES;
				CLANG_WARN_NON_LITERAL_NULL_CONVERSION = YES;
				CLANG_WARN_OBJC_IMPLICIT_RETAIN_SELF = YES;
				CLANG_WARN_OBJC_LITERAL_CONVERSION = YES;
				CLANG_WARN_OBJC_ROOT_CLASS = YES_ERROR;
				CLANG_WARN_RANGE_LOOP_ANALYSIS = YES;
				CLANG_WARN_STRICT_PROTOTYPES = YES;
				CLANG_WARN_SUSPICIOUS_MOVE = YES;
				CLANG_WARN_UNGUARDED_AVAILABILITY = YES_AGGRESSIVE;
				CLANG_WARN_UNREACHABLE_CODE = YES;
				CLANG_WARN__DUPLICATE_METHOD_MATCH = YES;
				COPY_PHASE_STRIP = NO;
				DEBUG_INFORMATION_FORMAT = dwarf;
				ENABLE_STRICT_OBJC_MSGSEND = YES;
				ENABLE_TESTABILITY = YES;
				GCC_C_LANGUAGE_STANDARD = gnu11;
				GCC_DYNAMIC_NO_PIC = NO;
				GCC_NO_COMMON_BLOCKS = YES;
				GCC_OPTIMIZATION_LEVEL = 0;
				GCC_PREPROCESSOR_DEFINITIONS = (
					"DEBUG=1",
					"$(inherited)",
				);
				GCC_WARN_64_TO_32_BIT_CONVERSION = YES;
				GCC_WARN_ABOUT_RETURN_TYPE = YES_ERROR;
				GCC_WARN_UNDECLARED_SELECTOR = YES;
				GCC_WARN_UNINITIALIZED_AUTOS = YES_AGGRESSIVE;
				GCC_WARN_UNUSED_FUNCTION = YES;
				GCC_WARN_UNUSED_VARIABLE = YES;
				IPHONEOS_DEPLOYMENT_TARGET = 13.7;
				MTL_ENABLE_DEBUG_INFO = INCLUDE_SOURCE;
				MTL_FAST_MATH = YES;
				ONLY_ACTIVE_ARCH = YES;
				SDKROOT = iphoneos;
				SWIFT_ACTIVE_COMPILATION_CONDITIONS = DEBUG;
				SWIFT_OPTIMIZATION_LEVEL = "-Onone";
			};
			name = Debug;
		};
		F7EC45472556895300F4C14E /* Release */ = {
			isa = XCBuildConfiguration;
			buildSettings = {
				ALWAYS_SEARCH_USER_PATHS = NO;
				CLANG_ANALYZER_NONNULL = YES;
				CLANG_ANALYZER_NUMBER_OBJECT_CONVERSION = YES_AGGRESSIVE;
				CLANG_CXX_LANGUAGE_STANDARD = "gnu++14";
				CLANG_CXX_LIBRARY = "libc++";
				CLANG_ENABLE_MODULES = YES;
				CLANG_ENABLE_OBJC_ARC = YES;
				CLANG_ENABLE_OBJC_WEAK = YES;
				CLANG_WARN_BLOCK_CAPTURE_AUTORELEASING = YES;
				CLANG_WARN_BOOL_CONVERSION = YES;
				CLANG_WARN_COMMA = YES;
				CLANG_WARN_CONSTANT_CONVERSION = YES;
				CLANG_WARN_DEPRECATED_OBJC_IMPLEMENTATIONS = YES;
				CLANG_WARN_DIRECT_OBJC_ISA_USAGE = YES_ERROR;
				CLANG_WARN_DOCUMENTATION_COMMENTS = YES;
				CLANG_WARN_EMPTY_BODY = YES;
				CLANG_WARN_ENUM_CONVERSION = YES;
				CLANG_WARN_INFINITE_RECURSION = YES;
				CLANG_WARN_INT_CONVERSION = YES;
				CLANG_WARN_NON_LITERAL_NULL_CONVERSION = YES;
				CLANG_WARN_OBJC_IMPLICIT_RETAIN_SELF = YES;
				CLANG_WARN_OBJC_LITERAL_CONVERSION = YES;
				CLANG_WARN_OBJC_ROOT_CLASS = YES_ERROR;
				CLANG_WARN_RANGE_LOOP_ANALYSIS = YES;
				CLANG_WARN_STRICT_PROTOTYPES = YES;
				CLANG_WARN_SUSPICIOUS_MOVE = YES;
				CLANG_WARN_UNGUARDED_AVAILABILITY = YES_AGGRESSIVE;
				CLANG_WARN_UNREACHABLE_CODE = YES;
				CLANG_WARN__DUPLICATE_METHOD_MATCH = YES;
				COPY_PHASE_STRIP = NO;
				DEBUG_INFORMATION_FORMAT = "dwarf-with-dsym";
				ENABLE_NS_ASSERTIONS = NO;
				ENABLE_STRICT_OBJC_MSGSEND = YES;
				GCC_C_LANGUAGE_STANDARD = gnu11;
				GCC_NO_COMMON_BLOCKS = YES;
				GCC_WARN_64_TO_32_BIT_CONVERSION = YES;
				GCC_WARN_ABOUT_RETURN_TYPE = YES_ERROR;
				GCC_WARN_UNDECLARED_SELECTOR = YES;
				GCC_WARN_UNINITIALIZED_AUTOS = YES_AGGRESSIVE;
				GCC_WARN_UNUSED_FUNCTION = YES;
				GCC_WARN_UNUSED_VARIABLE = YES;
				IPHONEOS_DEPLOYMENT_TARGET = 13.7;
				MTL_ENABLE_DEBUG_INFO = NO;
				MTL_FAST_MATH = YES;
				SDKROOT = iphoneos;
				SWIFT_COMPILATION_MODE = wholemodule;
				SWIFT_OPTIMIZATION_LEVEL = "-O";
				VALIDATE_PRODUCT = YES;
			};
			name = Release;
		};
		F7EC45492556895300F4C14E /* Debug */ = {
			isa = XCBuildConfiguration;
			buildSettings = {
				ASSETCATALOG_COMPILER_APPICON_NAME = AppIcon;
				CODE_SIGN_STYLE = Automatic;
				INFOPLIST_FILE = GitHubUsers/Info.plist;
				LD_RUNPATH_SEARCH_PATHS = (
					"$(inherited)",
					"@executable_path/Frameworks",
				);
				PRODUCT_BUNDLE_IDENTIFIER = dev.baticpro.GitHubUsers;
				PRODUCT_NAME = "$(TARGET_NAME)";
				SWIFT_VERSION = 5.0;
				TARGETED_DEVICE_FAMILY = 1;
			};
			name = Debug;
		};
		F7EC454A2556895300F4C14E /* Release */ = {
			isa = XCBuildConfiguration;
			buildSettings = {
				ASSETCATALOG_COMPILER_APPICON_NAME = AppIcon;
				CODE_SIGN_STYLE = Automatic;
				INFOPLIST_FILE = GitHubUsers/Info.plist;
				LD_RUNPATH_SEARCH_PATHS = (
					"$(inherited)",
					"@executable_path/Frameworks",
				);
				PRODUCT_BUNDLE_IDENTIFIER = dev.baticpro.GitHubUsers;
				PRODUCT_NAME = "$(TARGET_NAME)";
				SWIFT_VERSION = 5.0;
				TARGETED_DEVICE_FAMILY = 1;
			};
			name = Release;
		};
		F7EC454C2556895300F4C14E /* Debug */ = {
			isa = XCBuildConfiguration;
			buildSettings = {
				ALWAYS_EMBED_SWIFT_STANDARD_LIBRARIES = YES;
				BUNDLE_LOADER = "$(TEST_HOST)";
				CODE_SIGN_STYLE = Automatic;
				INFOPLIST_FILE = GitHubUsersTests/Info.plist;
				IPHONEOS_DEPLOYMENT_TARGET = 13.7;
				LD_RUNPATH_SEARCH_PATHS = (
					"$(inherited)",
					"@executable_path/Frameworks",
					"@loader_path/Frameworks",
				);
				PRODUCT_BUNDLE_IDENTIFIER = dev.baticpro.GitHubUsersTests;
				PRODUCT_NAME = "$(TARGET_NAME)";
				SWIFT_VERSION = 5.0;
				TARGETED_DEVICE_FAMILY = "1,2";
				TEST_HOST = "$(BUILT_PRODUCTS_DIR)/GitHubUsers.app/GitHubUsers";
			};
			name = Debug;
		};
		F7EC454D2556895300F4C14E /* Release */ = {
			isa = XCBuildConfiguration;
			buildSettings = {
				ALWAYS_EMBED_SWIFT_STANDARD_LIBRARIES = YES;
				BUNDLE_LOADER = "$(TEST_HOST)";
				CODE_SIGN_STYLE = Automatic;
				INFOPLIST_FILE = GitHubUsersTests/Info.plist;
				IPHONEOS_DEPLOYMENT_TARGET = 13.7;
				LD_RUNPATH_SEARCH_PATHS = (
					"$(inherited)",
					"@executable_path/Frameworks",
					"@loader_path/Frameworks",
				);
				PRODUCT_BUNDLE_IDENTIFIER = dev.baticpro.GitHubUsersTests;
				PRODUCT_NAME = "$(TARGET_NAME)";
				SWIFT_VERSION = 5.0;
				TARGETED_DEVICE_FAMILY = "1,2";
				TEST_HOST = "$(BUILT_PRODUCTS_DIR)/GitHubUsers.app/GitHubUsers";
			};
			name = Release;
		};
		F7EC454F2556895300F4C14E /* Debug */ = {
			isa = XCBuildConfiguration;
			buildSettings = {
				ALWAYS_EMBED_SWIFT_STANDARD_LIBRARIES = YES;
				CODE_SIGN_STYLE = Automatic;
				INFOPLIST_FILE = GitHubUsersUITests/Info.plist;
				LD_RUNPATH_SEARCH_PATHS = (
					"$(inherited)",
					"@executable_path/Frameworks",
					"@loader_path/Frameworks",
				);
				PRODUCT_BUNDLE_IDENTIFIER = dev.baticpro.GitHubUsersUITests;
				PRODUCT_NAME = "$(TARGET_NAME)";
				SWIFT_VERSION = 5.0;
				TARGETED_DEVICE_FAMILY = "1,2";
				TEST_TARGET_NAME = GitHubUsers;
			};
			name = Debug;
		};
		F7EC45502556895300F4C14E /* Release */ = {
			isa = XCBuildConfiguration;
			buildSettings = {
				ALWAYS_EMBED_SWIFT_STANDARD_LIBRARIES = YES;
				CODE_SIGN_STYLE = Automatic;
				INFOPLIST_FILE = GitHubUsersUITests/Info.plist;
				LD_RUNPATH_SEARCH_PATHS = (
					"$(inherited)",
					"@executable_path/Frameworks",
					"@loader_path/Frameworks",
				);
				PRODUCT_BUNDLE_IDENTIFIER = dev.baticpro.GitHubUsersUITests;
				PRODUCT_NAME = "$(TARGET_NAME)";
				SWIFT_VERSION = 5.0;
				TARGETED_DEVICE_FAMILY = "1,2";
				TEST_TARGET_NAME = GitHubUsers;
			};
			name = Release;
		};
/* End XCBuildConfiguration section */

/* Begin XCConfigurationList section */
		F7EC45192556895100F4C14E /* Build configuration list for PBXProject "GitHubUsers" */ = {
			isa = XCConfigurationList;
			buildConfigurations = (
				F7EC45462556895300F4C14E /* Debug */,
				F7EC45472556895300F4C14E /* Release */,
			);
			defaultConfigurationIsVisible = 0;
			defaultConfigurationName = Release;
		};
		F7EC45482556895300F4C14E /* Build configuration list for PBXNativeTarget "GitHubUsers" */ = {
			isa = XCConfigurationList;
			buildConfigurations = (
				F7EC45492556895300F4C14E /* Debug */,
				F7EC454A2556895300F4C14E /* Release */,
			);
			defaultConfigurationIsVisible = 0;
			defaultConfigurationName = Release;
		};
		F7EC454B2556895300F4C14E /* Build configuration list for PBXNativeTarget "GitHubUsersTests" */ = {
			isa = XCConfigurationList;
			buildConfigurations = (
				F7EC454C2556895300F4C14E /* Debug */,
				F7EC454D2556895300F4C14E /* Release */,
			);
			defaultConfigurationIsVisible = 0;
			defaultConfigurationName = Release;
		};
		F7EC454E2556895300F4C14E /* Build configuration list for PBXNativeTarget "GitHubUsersUITests" */ = {
			isa = XCConfigurationList;
			buildConfigurations = (
				F7EC454F2556895300F4C14E /* Debug */,
				F7EC45502556895300F4C14E /* Release */,
			);
			defaultConfigurationIsVisible = 0;
			defaultConfigurationName = Release;
		};
/* End XCConfigurationList section */
	};
	rootObject = F7EC45162556895100F4C14E /* Project object */;
}
